
Microsoft Visual Studio Solution File, Format Version 12.00
# Visual Studio Version 17
VisualStudioVersion = 17.10.35027.167
MinimumVisualStudioVersion = 10.0.40219.1
Project("{FAE04EC0-301F-11D3-BF4B-00C04F79EFBC}") = "EMS", "EMS.csproj", "{A1614F03-5398-4C7B-845F-CF10ACC7D727}"
EndProject
Global
	GlobalSection(SolutionConfigurationPlatforms) = preSolution
		Debug|Any CPU = Debug|Any CPU
		Release|Any CPU = Release|Any CPU
	EndGlobalSection
	GlobalSection(ProjectConfigurationPlatforms) = postSolution
		{A1614F03-5398-4C7B-845F-CF10ACC7D727}.Debug|Any CPU.ActiveCfg = Debug|Any CPU
		{A1614F03-5398-4C7B-845F-CF10ACC7D727}.Debug|Any CPU.Build.0 = Debug|Any CPU
		{A1614F03-5398-4C7B-845F-CF10ACC7D727}.Release|Any CPU.ActiveCfg = Release|Any CPU
		{A1614F03-5398-4C7B-845F-CF10ACC7D727}.Release|Any CPU.Build.0 = Release|Any CPU
	EndGlobalSection
	GlobalSection(SolutionProperties) = preSolution
		HideSolutionNode = FALSE
	EndGlobalSection
	GlobalSection(ExtensibilityGlobals) = postSolution
		SolutionGuid = {6B4571F8-86C6-41D8-94DB-ED4BF2016DE4}
	EndGlobalSection
EndGlobal
